
Microsoft Visual Studio Solution File, Format Version 12.00
# Visual Studio Version 17
VisualStudioVersion = 17.3.32811.315
MinimumVisualStudioVersion = 10.0.40219.1
Project("{9A19103F-16F7-4668-BE54-9A1E7A4F7556}") = "MoreQuickSlotsBepInEx", "MoreQuickSlotsBepInEx.csproj", "{8FE9F5BD-B568-4330-8D9E-644C9E62E699}"
EndProject
Global
	GlobalSection(SolutionConfigurationPlatforms) = preSolution
		Debug|Any CPU = Debug|Any CPU
		Publish|Any CPU = Publish|Any CPU
		Release|Any CPU = Release|Any CPU
	EndGlobalSection
	GlobalSection(ProjectConfigurationPlatforms) = postSolution
		{8FE9F5BD-B568-4330-8D9E-644C9E62E699}.Debug|Any CPU.ActiveCfg = Debug|Any CPU
		{8FE9F5BD-B568-4330-8D9E-644C9E62E699}.Debug|Any CPU.Build.0 = Debug|Any CPU
		{8FE9F5BD-B568-4330-8D9E-644C9E62E699}.Publish|Any CPU.ActiveCfg = Publish|Any CPU
		{8FE9F5BD-B568-4330-8D9E-644C9E62E699}.Publish|Any CPU.Build.0 = Publish|Any CPU
		{8FE9F5BD-B568-4330-8D9E-644C9E62E699}.Release|Any CPU.ActiveCfg = Release|Any CPU
		{8FE9F5BD-B568-4330-8D9E-644C9E62E699}.Release|Any CPU.Build.0 = Release|Any CPU
	EndGlobalSection
	GlobalSection(SolutionProperties) = preSolution
		HideSolutionNode = FALSE
	EndGlobalSection
	GlobalSection(ExtensibilityGlobals) = postSolution
		SolutionGuid = {301E5CC1-631D-43DD-B674-9E0E31CBCA94}
	EndGlobalSection
EndGlobal
